
Microsoft Visual Studio Solution File, Format Version 12.00
# Visual Studio Version 17
VisualStudioVersion = 17.14.36109.1
MinimumVisualStudioVersion = 10.0.40219.1
Project("{8BC9CEB8-8B4A-11D0-8D11-00A0C91BC942}") = "intro to C++", "intro to C++\intro to C++.vcxproj", "{1402179C-3465-4E3C-BC58-706D206FE009}"
EndProject
Project("{8BC9CEB8-8B4A-11D0-8D11-00A0C91BC942}") = "data types", "data types\data types.vcxproj", "{DE0F1ECE-4837-4644-B037-428425A5A1D7}"
EndProject
Project("{8BC9CEB8-8B4A-11D0-8D11-00A0C91BC942}") = "operators", "operators\operators.vcxproj", "{BD098E3E-08F5-4701-9CA2-72D432BD531B}"
EndProject
Project("{8BC9CEB8-8B4A-11D0-8D11-00A0C91BC942}") = "cycles-nalahodshuvach", "cycles-nalahodshuvach\cycles-nalahodshuvach.vcxproj", "{33BA8849-EE7E-4171-B780-D488D8EF0DDB}"
EndProject
Project("{8BC9CEB8-8B4A-11D0-8D11-00A0C91BC942}") = "firstdz", "firstdz\firstdz.vcxproj", "{3959668C-ACEB-4F05-AE07-41CABBFE11D0}"
EndProject
Project("{8BC9CEB8-8B4A-11D0-8D11-00A0C91BC942}") = "includecycles", "includecycles\includecycles.vcxproj", "{D36831AC-C43E-4EA9-B0D8-B92FA6182C54}"
EndProject
Project("{8BC9CEB8-8B4A-11D0-8D11-00A0C91BC942}") = "arrays", "arrays\arrays.vcxproj", "{A6D9B4FC-4C1B-4630-A93F-1383A0232435}"
EndProject
Project("{8BC9CEB8-8B4A-11D0-8D11-00A0C91BC942}") = "ConsoleApplication1", "ConsoleApplication1\ConsoleApplication1.vcxproj", "{06EBB312-0207-4944-992E-BA9F8B427306}"
EndProject
Global
	GlobalSection(SolutionConfigurationPlatforms) = preSolution
		Debug|ARM = Debug|ARM
		Debug|x64 = Debug|x64
		Debug|x86 = Debug|x86
		Release|ARM = Release|ARM
		Release|x64 = Release|x64
		Release|x86 = Release|x86
	EndGlobalSection
	GlobalSection(ProjectConfigurationPlatforms) = postSolution
		{1402179C-3465-4E3C-BC58-706D206FE009}.Debug|ARM.ActiveCfg = Debug|ARM
		{1402179C-3465-4E3C-BC58-706D206FE009}.Debug|ARM.Build.0 = Debug|ARM
		{1402179C-3465-4E3C-BC58-706D206FE009}.Debug|x64.ActiveCfg = Debug|x64
		{1402179C-3465-4E3C-BC58-706D206FE009}.Debug|x64.Build.0 = Debug|x64
		{1402179C-3465-4E3C-BC58-706D206FE009}.Debug|x86.ActiveCfg = Debug|Win32
		{1402179C-3465-4E3C-BC58-706D206FE009}.Debug|x86.Build.0 = Debug|Win32
		{1402179C-3465-4E3C-BC58-706D206FE009}.Release|ARM.ActiveCfg = Release|ARM
		{1402179C-3465-4E3C-BC58-706D206FE009}.Release|ARM.Build.0 = Release|ARM
		{1402179C-3465-4E3C-BC58-706D206FE009}.Release|x64.ActiveCfg = Release|x64
		{1402179C-3465-4E3C-BC58-706D206FE009}.Release|x64.Build.0 = Release|x64
		{1402179C-3465-4E3C-BC58-706D206FE009}.Release|x86.ActiveCfg = Release|Win32
		{1402179C-3465-4E3C-BC58-706D206FE009}.Release|x86.Build.0 = Release|Win32
		{DE0F1ECE-4837-4644-B037-428425A5A1D7}.Debug|ARM.ActiveCfg = Debug|x64
		{DE0F1ECE-4837-4644-B037-428425A5A1D7}.Debug|ARM.Build.0 = Debug|x64
		{DE0F1ECE-4837-4644-B037-428425A5A1D7}.Debug|x64.ActiveCfg = Debug|x64
		{DE0F1ECE-4837-4644-B037-428425A5A1D7}.Debug|x64.Build.0 = Debug|x64
		{DE0F1ECE-4837-4644-B037-428425A5A1D7}.Debug|x86.ActiveCfg = Debug|Win32
		{DE0F1ECE-4837-4644-B037-428425A5A1D7}.Debug|x86.Build.0 = Debug|Win32
		{DE0F1ECE-4837-4644-B037-428425A5A1D7}.Release|ARM.ActiveCfg = Release|x64
		{DE0F1ECE-4837-4644-B037-428425A5A1D7}.Release|ARM.Build.0 = Release|x64
		{DE0F1ECE-4837-4644-B037-428425A5A1D7}.Release|x64.ActiveCfg = Release|x64
		{DE0F1ECE-4837-4644-B037-428425A5A1D7}.Release|x64.Build.0 = Release|x64
		{DE0F1ECE-4837-4644-B037-428425A5A1D7}.Release|x86.ActiveCfg = Release|Win32
		{DE0F1ECE-4837-4644-B037-428425A5A1D7}.Release|x86.Build.0 = Release|Win32
		{BD098E3E-08F5-4701-9CA2-72D432BD531B}.Debug|ARM.ActiveCfg = Debug|x64
		{BD098E3E-08F5-4701-9CA2-72D432BD531B}.Debug|ARM.Build.0 = Debug|x64
		{BD098E3E-08F5-4701-9CA2-72D432BD531B}.Debug|x64.ActiveCfg = Debug|x64
		{BD098E3E-08F5-4701-9CA2-72D432BD531B}.Debug|x64.Build.0 = Debug|x64
		{BD098E3E-08F5-4701-9CA2-72D432BD531B}.Debug|x86.ActiveCfg = Debug|Win32
		{BD098E3E-08F5-4701-9CA2-72D432BD531B}.Debug|x86.Build.0 = Debug|Win32
		{BD098E3E-08F5-4701-9CA2-72D432BD531B}.Release|ARM.ActiveCfg = Release|x64
		{BD098E3E-08F5-4701-9CA2-72D432BD531B}.Release|ARM.Build.0 = Release|x64
		{BD098E3E-08F5-4701-9CA2-72D432BD531B}.Release|x64.ActiveCfg = Release|x64
		{BD098E3E-08F5-4701-9CA2-72D432BD531B}.Release|x64.Build.0 = Release|x64
		{BD098E3E-08F5-4701-9CA2-72D432BD531B}.Release|x86.ActiveCfg = Release|Win32
		{BD098E3E-08F5-4701-9CA2-72D432BD531B}.Release|x86.Build.0 = Release|Win32
		{33BA8849-EE7E-4171-B780-D488D8EF0DDB}.Debug|ARM.ActiveCfg = Debug|x64
		{33BA8849-EE7E-4171-B780-D488D8EF0DDB}.Debug|ARM.Build.0 = Debug|x64
		{33BA8849-EE7E-4171-B780-D488D8EF0DDB}.Debug|x64.ActiveCfg = Debug|x64
		{33BA8849-EE7E-4171-B780-D488D8EF0DDB}.Debug|x64.Build.0 = Debug|x64
		{33BA8849-EE7E-4171-B780-D488D8EF0DDB}.Debug|x86.ActiveCfg = Debug|Win32
		{33BA8849-EE7E-4171-B780-D488D8EF0DDB}.Debug|x86.Build.0 = Debug|Win32
		{33BA8849-EE7E-4171-B780-D488D8EF0DDB}.Release|ARM.ActiveCfg = Release|x64
		{33BA8849-EE7E-4171-B780-D488D8EF0DDB}.Release|ARM.Build.0 = Release|x64
		{33BA8849-EE7E-4171-B780-D488D8EF0DDB}.Release|x64.ActiveCfg = Release|x64
		{33BA8849-EE7E-4171-B780-D488D8EF0DDB}.Release|x64.Build.0 = Release|x64
		{33BA8849-EE7E-4171-B780-D488D8EF0DDB}.Release|x86.ActiveCfg = Release|Win32
		{33BA8849-EE7E-4171-B780-D488D8EF0DDB}.Release|x86.Build.0 = Release|Win32
		{3959668C-ACEB-4F05-AE07-41CABBFE11D0}.Debug|ARM.ActiveCfg = Debug|x64
		{3959668C-ACEB-4F05-AE07-41CABBFE11D0}.Debug|ARM.Build.0 = Debug|x64
		{3959668C-ACEB-4F05-AE07-41CABBFE11D0}.Debug|x64.ActiveCfg = Debug|x64
		{3959668C-ACEB-4F05-AE07-41CABBFE11D0}.Debug|x64.Build.0 = Debug|x64
		{3959668C-ACEB-4F05-AE07-41CABBFE11D0}.Debug|x86.ActiveCfg = Debug|Win32
		{3959668C-ACEB-4F05-AE07-41CABBFE11D0}.Debug|x86.Build.0 = Debug|Win32
		{3959668C-ACEB-4F05-AE07-41CABBFE11D0}.Release|ARM.ActiveCfg = Release|x64
		{3959668C-ACEB-4F05-AE07-41CABBFE11D0}.Release|ARM.Build.0 = Release|x64
		{3959668C-ACEB-4F05-AE07-41CABBFE11D0}.Release|x64.ActiveCfg = Release|x64
		{3959668C-ACEB-4F05-AE07-41CABBFE11D0}.Release|x64.Build.0 = Release|x64
		{3959668C-ACEB-4F05-AE07-41CABBFE11D0}.Release|x86.ActiveCfg = Release|Win32
		{3959668C-ACEB-4F05-AE07-41CABBFE11D0}.Release|x86.Build.0 = Release|Win32
		{D36831AC-C43E-4EA9-B0D8-B92FA6182C54}.Debug|ARM.ActiveCfg = Debug|x64
		{D36831AC-C43E-4EA9-B0D8-B92FA6182C54}.Debug|ARM.Build.0 = Debug|x64
		{D36831AC-C43E-4EA9-B0D8-B92FA6182C54}.Debug|x64.ActiveCfg = Debug|x64
		{D36831AC-C43E-4EA9-B0D8-B92FA6182C54}.Debug|x64.Build.0 = Debug|x64
		{D36831AC-C43E-4EA9-B0D8-B92FA6182C54}.Debug|x86.ActiveCfg = Debug|Win32
		{D36831AC-C43E-4EA9-B0D8-B92FA6182C54}.Debug|x86.Build.0 = Debug|Win32
		{D36831AC-C43E-4EA9-B0D8-B92FA6182C54}.Release|ARM.ActiveCfg = Release|x64
		{D36831AC-C43E-4EA9-B0D8-B92FA6182C54}.Release|ARM.Build.0 = Release|x64
		{D36831AC-C43E-4EA9-B0D8-B92FA6182C54}.Release|x64.ActiveCfg = Release|x64
		{D36831AC-C43E-4EA9-B0D8-B92FA6182C54}.Release|x64.Build.0 = Release|x64
		{D36831AC-C43E-4EA9-B0D8-B92FA6182C54}.Release|x86.ActiveCfg = Release|Win32
		{D36831AC-C43E-4EA9-B0D8-B92FA6182C54}.Release|x86.Build.0 = Release|Win32
		{A6D9B4FC-4C1B-4630-A93F-1383A0232435}.Debug|ARM.ActiveCfg = Debug|x64
		{A6D9B4FC-4C1B-4630-A93F-1383A0232435}.Debug|ARM.Build.0 = Debug|x64
		{A6D9B4FC-4C1B-4630-A93F-1383A0232435}.Debug|x64.ActiveCfg = Debug|x64
		{A6D9B4FC-4C1B-4630-A93F-1383A0232435}.Debug|x64.Build.0 = Debug|x64
		{A6D9B4FC-4C1B-4630-A93F-1383A0232435}.Debug|x86.ActiveCfg = Debug|Win32
		{A6D9B4FC-4C1B-4630-A93F-1383A0232435}.Debug|x86.Build.0 = Debug|Win32
		{A6D9B4FC-4C1B-4630-A93F-1383A0232435}.Release|ARM.ActiveCfg = Release|x64
		{A6D9B4FC-4C1B-4630-A93F-1383A0232435}.Release|ARM.Build.0 = Release|x64
		{A6D9B4FC-4C1B-4630-A93F-1383A0232435}.Release|x64.ActiveCfg = Release|x64
		{A6D9B4FC-4C1B-4630-A93F-1383A0232435}.Release|x64.Build.0 = Release|x64
		{A6D9B4FC-4C1B-4630-A93F-1383A0232435}.Release|x86.ActiveCfg = Release|Win32
		{A6D9B4FC-4C1B-4630-A93F-1383A0232435}.Release|x86.Build.0 = Release|Win32
		{06EBB312-0207-4944-992E-BA9F8B427306}.Debug|ARM.ActiveCfg = Debug|x64
		{06EBB312-0207-4944-992E-BA9F8B427306}.Debug|ARM.Build.0 = Debug|x64
		{06EBB312-0207-4944-992E-BA9F8B427306}.Debug|x64.ActiveCfg = Debug|x64
		{06EBB312-0207-4944-992E-BA9F8B427306}.Debug|x64.Build.0 = Debug|x64
		{06EBB312-0207-4944-992E-BA9F8B427306}.Debug|x86.ActiveCfg = Debug|Win32
		{06EBB312-0207-4944-992E-BA9F8B427306}.Debug|x86.Build.0 = Debug|Win32
		{06EBB312-0207-4944-992E-BA9F8B427306}.Release|ARM.ActiveCfg = Release|x64
		{06EBB312-0207-4944-992E-BA9F8B427306}.Release|ARM.Build.0 = Release|x64
		{06EBB312-0207-4944-992E-BA9F8B427306}.Release|x64.ActiveCfg = Release|x64
		{06EBB312-0207-4944-992E-BA9F8B427306}.Release|x64.Build.0 = Release|x64
		{06EBB312-0207-4944-992E-BA9F8B427306}.Release|x86.ActiveCfg = Release|Win32
		{06EBB312-0207-4944-992E-BA9F8B427306}.Release|x86.Build.0 = Release|Win32
	EndGlobalSection
	GlobalSection(SolutionProperties) = preSolution
		HideSolutionNode = FALSE
	EndGlobalSection
	GlobalSection(ExtensibilityGlobals) = postSolution
		SolutionGuid = {C9FA6514-FCBA-40D7-8616-36E0628DA8F9}
	EndGlobalSection
EndGlobal
