
Microsoft Visual Studio Solution File, Format Version 12.00
# Visual Studio Version 17
VisualStudioVersion = 17.14.36109.1 d17.14
MinimumVisualStudioVersion = 10.0.40219.1
Project("{8BC9CEB8-8B4A-11D0-8D11-00A0C91BC942}") = "intro to C++", "intro to C++\intro to C++.vcxproj", "{1402179C-3465-4E3C-BC58-706D206FE009}"
EndProject
Global
	GlobalSection(SolutionConfigurationPlatforms) = preSolution
		Debug|ARM = Debug|ARM
		Debug|x64 = Debug|x64
		Debug|x86 = Debug|x86
		Release|ARM = Release|ARM
		Release|x64 = Release|x64
		Release|x86 = Release|x86
	EndGlobalSection
	GlobalSection(ProjectConfigurationPlatforms) = postSolution
		{1402179C-3465-4E3C-BC58-706D206FE009}.Debug|ARM.ActiveCfg = Debug|ARM
		{1402179C-3465-4E3C-BC58-706D206FE009}.Debug|ARM.Build.0 = Debug|ARM
		{1402179C-3465-4E3C-BC58-706D206FE009}.Debug|x64.ActiveCfg = Debug|x64
		{1402179C-3465-4E3C-BC58-706D206FE009}.Debug|x64.Build.0 = Debug|x64
		{1402179C-3465-4E3C-BC58-706D206FE009}.Debug|x86.ActiveCfg = Debug|Win32
		{1402179C-3465-4E3C-BC58-706D206FE009}.Debug|x86.Build.0 = Debug|Win32
		{1402179C-3465-4E3C-BC58-706D206FE009}.Release|ARM.ActiveCfg = Release|ARM
		{1402179C-3465-4E3C-BC58-706D206FE009}.Release|ARM.Build.0 = Release|ARM
		{1402179C-3465-4E3C-BC58-706D206FE009}.Release|x64.ActiveCfg = Release|x64
		{1402179C-3465-4E3C-BC58-706D206FE009}.Release|x64.Build.0 = Release|x64
		{1402179C-3465-4E3C-BC58-706D206FE009}.Release|x86.ActiveCfg = Release|Win32
		{1402179C-3465-4E3C-BC58-706D206FE009}.Release|x86.Build.0 = Release|Win32
	EndGlobalSection
	GlobalSection(SolutionProperties) = preSolution
		HideSolutionNode = FALSE
	EndGlobalSection
	GlobalSection(ExtensibilityGlobals) = postSolution
		SolutionGuid = {C9FA6514-FCBA-40D7-8616-36E0628DA8F9}
	EndGlobalSection
EndGlobal
